{
  "requires": true,
  "lockfileVersion": 1,
  "dependencies": {
    "minimist": {
      "version": "1.2.5",
      "resolved": "https://registry.npmjs.org/minimist/-/minimist-1.2.5.tgz",
      "integrity": "sha512-FM9nNUYrRBAELZQT3xeZQ7fmMOBg6nWNmJKTcgsJeaLstP/UODVpGsr5OhXhhXg6f+qtJ8uiZ+PUxkDWcgIXLw=="
    },
    "mkdirp": {
      "version": "0.5.5",
      "resolved": "https://registry.npmjs.org/mkdirp/-/mkdirp-0.5.5.tgz",
      "integrity": "sha512-NKmAlESf6jMGym1++R0Ra7wvhV+wFW63FaSOFPwRahvea0gMUcGUhVeAg/0BC0wiv9ih5NYPB1Wn1UEI1/L+xQ==",
      "requires": {
        "minimist": "^1.2.5"
      }
    },
    "paginate-info": {
      "version": "1.0.4",
      "resolved": "https://registry.npmjs.org/paginate-info/-/paginate-info-1.0.4.tgz",
      "integrity": "sha512-wMJUQgitZgmxlHU8MbQc2GvXLh1MuejdiMnlYfA0iXBphbLQT9wuO8WtzmTw6CkPFavEAtlh8BPpBByrZijuaw=="
    },
    "plotly": {
      "version": "1.0.6",
      "resolved": "https://registry.npmjs.org/plotly/-/plotly-1.0.6.tgz",
      "integrity": "sha1-smcsPfiDM2Jb32hJgtDj9lIdeqo=",
      "requires": {
        "mkdirp": "~0.5.0"
      }
    },
    "plotly.js-dist": {
      "version": "1.58.4",
      "resolved": "https://registry.npmjs.org/plotly.js-dist/-/plotly.js-dist-1.58.4.tgz",
      "integrity": "sha512-oXCTRJFN8FBsHZSQPYoM3LuJQchPUrf6sOXFC0EFdvcr5lmJmLcAsW74jDy9PkRpm3PB+A+2oY1hsUMmk2eZbw=="
    }
  }
}
